
Microsoft Visual Studio Solution File, Format Version 12.00
# Visual Studio Version 17
VisualStudioVersion = 17.0.31919.166
MinimumVisualStudioVersion = 10.0.40219.1
Project("{9A19103F-16F7-4668-BE54-9A1E7A4F7556}") = "FetchBannerlordVersion", "FetchBannerlordVersion\FetchBannerlordVersion.csproj", "{F79E2525-CBDC-4DD5-8C31-331C16AA62D7}"
EndProject
Project("{2150E333-8FDC-42A3-9474-1A3956D46DE8}") = "src", "src", "{9F1A504D-F360-4261-B5DA-57A61DFCA67C}"
EndProject
Project("{2150E333-8FDC-42A3-9474-1A3956D46DE8}") = "build", "build", "{50CB5E92-1B86-4D43-AA0D-D00F1E3600E9}"
	ProjectSection(SolutionItems) = preProject
		..\build\common.props = ..\build\common.props
	EndProjectSection
EndProject
Global
	GlobalSection(SolutionConfigurationPlatforms) = preSolution
		Debug|Any CPU = Debug|Any CPU
		Release|Any CPU = Release|Any CPU
	EndGlobalSection
	GlobalSection(ProjectConfigurationPlatforms) = postSolution
		{F79E2525-CBDC-4DD5-8C31-331C16AA62D7}.Debug|Any CPU.ActiveCfg = Debug|Any CPU
		{F79E2525-CBDC-4DD5-8C31-331C16AA62D7}.Debug|Any CPU.Build.0 = Debug|Any CPU
		{F79E2525-CBDC-4DD5-8C31-331C16AA62D7}.Release|Any CPU.ActiveCfg = Release|Any CPU
		{F79E2525-CBDC-4DD5-8C31-331C16AA62D7}.Release|Any CPU.Build.0 = Release|Any CPU
	EndGlobalSection
	GlobalSection(SolutionProperties) = preSolution
		HideSolutionNode = FALSE
	EndGlobalSection
	GlobalSection(NestedProjects) = preSolution
		{F79E2525-CBDC-4DD5-8C31-331C16AA62D7} = {9F1A504D-F360-4261-B5DA-57A61DFCA67C}
	EndGlobalSection
	GlobalSection(ExtensibilityGlobals) = postSolution
		SolutionGuid = {1BE0F862-BB80-4DE2-95E8-965C5AAC9356}
	EndGlobalSection
EndGlobal
